<?xml version="1.0" encoding="utf-8"?>
<Project ToolsVersion="4.0" xmlns="http://schemas.microsoft.com/developer/msbuild/2003">
  <ItemGroup>
    <ClInclude Include="..\..\src\cudaMat4.h" />
    <ClInclude Include="..\..\src\glslUtility.h" />
    <ClInclude Include="..\..\src\main.h" />
    <ClInclude Include="..\..\src\rasterizeKernels.h" />
    <ClInclude Include="..\..\src\rasterizeTools.h" />
    <ClInclude Include="..\..\src\utilities.h" />
    <ClInclude Include="..\..\src\ObjCore\obj.h">
      <Filter>ObjCore</Filter>
    </ClInclude>
    <ClInclude Include="..\..\src\ObjCore\objloader.h">
      <Filter>ObjCore</Filter>
    </ClInclude>
    <ClInclude Include="..\..\src\stb_image\stb_image.h" />
    <ClInclude Include="..\..\src\stb_image\stb_image_write.h" />
  </ItemGroup>
  <ItemGroup>
    <ClCompile Include="..\..\src\glslUtility.cpp" />
    <ClCompile Include="..\..\src\main.cpp" />
    <ClCompile Include="..\..\src\utilities.cpp" />
    <ClCompile Include="..\..\src\ObjCore\obj.cpp">
      <Filter>ObjCore</Filter>
    </ClCompile>
    <ClCompile Include="..\..\src\ObjCore\objloader.cpp">
      <Filter>ObjCore</Filter>
    </ClCompile>
    <ClCompile Include="..\..\src\stb_image\stb_image.c" />
    <ClCompile Include="..\..\src\stb_image\stb_image_write.c" />
  </ItemGroup>
  <ItemGroup>
    <CudaCompile Include="..\..\src\rasterizeKernels.cu" />
  </ItemGroup>
  <ItemGroup>
    <Filter Include="ObjCore">
      <UniqueIdentifier>{c37932d5-6627-43c3-9d6b-84866740745c}</UniqueIdentifier>
    </Filter>
  </ItemGroup>
</Project>